
Microsoft Visual Studio Solution File, Format Version 12.00
# Visual Studio Version 17
VisualStudioVersion = 17.5.33530.505
MinimumVisualStudioVersion = 10.0.40219.1
Project("{FAE04EC0-301F-11D3-BF4B-00C04F79EFBC}") = "ParcialAPI", "ParcialAPI\ParcialAPI.csproj", "{15675D37-4E39-4470-B0DE-2C743A08E347}"
EndProject
Project("{FAE04EC0-301F-11D3-BF4B-00C04F79EFBC}") = "PagesAPI", "PagesAPI\PagesAPI.csproj", "{853DAFFA-0969-4AF1-A967-4D0F6BDB2B27}"
EndProject
Global
	GlobalSection(SolutionConfigurationPlatforms) = preSolution
		Debug|Any CPU = Debug|Any CPU
		Release|Any CPU = Release|Any CPU
	EndGlobalSection
	GlobalSection(ProjectConfigurationPlatforms) = postSolution
		{15675D37-4E39-4470-B0DE-2C743A08E347}.Debug|Any CPU.ActiveCfg = Debug|Any CPU
		{15675D37-4E39-4470-B0DE-2C743A08E347}.Debug|Any CPU.Build.0 = Debug|Any CPU
		{15675D37-4E39-4470-B0DE-2C743A08E347}.Release|Any CPU.ActiveCfg = Release|Any CPU
		{15675D37-4E39-4470-B0DE-2C743A08E347}.Release|Any CPU.Build.0 = Release|Any CPU
		{853DAFFA-0969-4AF1-A967-4D0F6BDB2B27}.Debug|Any CPU.ActiveCfg = Debug|Any CPU
		{853DAFFA-0969-4AF1-A967-4D0F6BDB2B27}.Debug|Any CPU.Build.0 = Debug|Any CPU
		{853DAFFA-0969-4AF1-A967-4D0F6BDB2B27}.Release|Any CPU.ActiveCfg = Release|Any CPU
		{853DAFFA-0969-4AF1-A967-4D0F6BDB2B27}.Release|Any CPU.Build.0 = Release|Any CPU
	EndGlobalSection
	GlobalSection(SolutionProperties) = preSolution
		HideSolutionNode = FALSE
	EndGlobalSection
	GlobalSection(ExtensibilityGlobals) = postSolution
		SolutionGuid = {C5C5BED9-01D2-414C-92FF-F357AB11D7CB}
	EndGlobalSection
EndGlobal
